
Microsoft Visual Studio Solution File, Format Version 12.00
# Visual Studio 15
VisualStudioVersion = 15.0.27428.2015
MinimumVisualStudioVersion = 10.0.40219.1
Project("{FAE04EC0-301F-11D3-BF4B-00C04F79EFBC}") = "Helpa.Android", "Helpa\Helpa.Android\Helpa.Android.csproj", "{67CA6E74-D41B-4AA7-8EAB-EAA2C44C0282}"
EndProject
Project("{FAE04EC0-301F-11D3-BF4B-00C04F79EFBC}") = "Helpa.iOS", "Helpa\Helpa.iOS\Helpa.iOS.csproj", "{BEC66CCA-35F4-40C4-9C2D-F77E3ACD7F64}"
EndProject
Project("{9A19103F-16F7-4668-BE54-9A1E7A4F7556}") = "Helpa", "Helpa\Helpa\Helpa.csproj", "{0D931DE1-C435-401C-9CE1-AB2C7D9111A4}"
EndProject
Global
	GlobalSection(SolutionConfigurationPlatforms) = preSolution
		Ad-Hoc|Any CPU = Ad-Hoc|Any CPU
		Ad-Hoc|iPhone = Ad-Hoc|iPhone
		Ad-Hoc|iPhoneSimulator = Ad-Hoc|iPhoneSimulator
		Ad-Hoc|x86 = Ad-Hoc|x86
		AppStore|Any CPU = AppStore|Any CPU
		AppStore|iPhone = AppStore|iPhone
		AppStore|iPhoneSimulator = AppStore|iPhoneSimulator
		AppStore|x86 = AppStore|x86
		Debug|Any CPU = Debug|Any CPU
		Debug|iPhone = Debug|iPhone
		Debug|iPhoneSimulator = Debug|iPhoneSimulator
		Debug|x86 = Debug|x86
		Release|Any CPU = Release|Any CPU
		Release|iPhone = Release|iPhone
		Release|iPhoneSimulator = Release|iPhoneSimulator
		Release|x86 = Release|x86
	EndGlobalSection
	GlobalSection(ProjectConfigurationPlatforms) = postSolution
		{67CA6E74-D41B-4AA7-8EAB-EAA2C44C0282}.Ad-Hoc|Any CPU.ActiveCfg = Release|Any CPU
		{67CA6E74-D41B-4AA7-8EAB-EAA2C44C0282}.Ad-Hoc|Any CPU.Build.0 = Release|Any CPU
		{67CA6E74-D41B-4AA7-8EAB-EAA2C44C0282}.Ad-Hoc|Any CPU.Deploy.0 = Release|Any CPU
		{67CA6E74-D41B-4AA7-8EAB-EAA2C44C0282}.Ad-Hoc|iPhone.ActiveCfg = Release|Any CPU
		{67CA6E74-D41B-4AA7-8EAB-EAA2C44C0282}.Ad-Hoc|iPhone.Build.0 = Release|Any CPU
		{67CA6E74-D41B-4AA7-8EAB-EAA2C44C0282}.Ad-Hoc|iPhone.Deploy.0 = Release|Any CPU
		{67CA6E74-D41B-4AA7-8EAB-EAA2C44C0282}.Ad-Hoc|iPhoneSimulator.ActiveCfg = Release|Any CPU
		{67CA6E74-D41B-4AA7-8EAB-EAA2C44C0282}.Ad-Hoc|iPhoneSimulator.Build.0 = Release|Any CPU
		{67CA6E74-D41B-4AA7-8EAB-EAA2C44C0282}.Ad-Hoc|iPhoneSimulator.Deploy.0 = Release|Any CPU
		{67CA6E74-D41B-4AA7-8EAB-EAA2C44C0282}.Ad-Hoc|x86.ActiveCfg = Release|x86
		{67CA6E74-D41B-4AA7-8EAB-EAA2C44C0282}.Ad-Hoc|x86.Build.0 = Release|x86
		{67CA6E74-D41B-4AA7-8EAB-EAA2C44C0282}.Ad-Hoc|x86.Deploy.0 = Release|x86
		{67CA6E74-D41B-4AA7-8EAB-EAA2C44C0282}.AppStore|Any CPU.ActiveCfg = Release|Any CPU
		{67CA6E74-D41B-4AA7-8EAB-EAA2C44C0282}.AppStore|Any CPU.Build.0 = Release|Any CPU
		{67CA6E74-D41B-4AA7-8EAB-EAA2C44C0282}.AppStore|Any CPU.Deploy.0 = Release|Any CPU
		{67CA6E74-D41B-4AA7-8EAB-EAA2C44C0282}.AppStore|iPhone.ActiveCfg = Release|Any CPU
		{67CA6E74-D41B-4AA7-8EAB-EAA2C44C0282}.AppStore|iPhone.Build.0 = Release|Any CPU
		{67CA6E74-D41B-4AA7-8EAB-EAA2C44C0282}.AppStore|iPhone.Deploy.0 = Release|Any CPU
		{67CA6E74-D41B-4AA7-8EAB-EAA2C44C0282}.AppStore|iPhoneSimulator.ActiveCfg = Release|Any CPU
		{67CA6E74-D41B-4AA7-8EAB-EAA2C44C0282}.AppStore|iPhoneSimulator.Build.0 = Release|Any CPU
		{67CA6E74-D41B-4AA7-8EAB-EAA2C44C0282}.AppStore|iPhoneSimulator.Deploy.0 = Release|Any CPU
		{67CA6E74-D41B-4AA7-8EAB-EAA2C44C0282}.AppStore|x86.ActiveCfg = Release|x86
		{67CA6E74-D41B-4AA7-8EAB-EAA2C44C0282}.AppStore|x86.Build.0 = Release|x86
		{67CA6E74-D41B-4AA7-8EAB-EAA2C44C0282}.AppStore|x86.Deploy.0 = Release|x86
		{67CA6E74-D41B-4AA7-8EAB-EAA2C44C0282}.Debug|Any CPU.ActiveCfg = Debug|x86
		{67CA6E74-D41B-4AA7-8EAB-EAA2C44C0282}.Debug|Any CPU.Build.0 = Debug|x86
		{67CA6E74-D41B-4AA7-8EAB-EAA2C44C0282}.Debug|Any CPU.Deploy.0 = Debug|x86
		{67CA6E74-D41B-4AA7-8EAB-EAA2C44C0282}.Debug|iPhone.ActiveCfg = Debug|Any CPU
		{67CA6E74-D41B-4AA7-8EAB-EAA2C44C0282}.Debug|iPhone.Build.0 = Debug|Any CPU
		{67CA6E74-D41B-4AA7-8EAB-EAA2C44C0282}.Debug|iPhone.Deploy.0 = Debug|Any CPU
		{67CA6E74-D41B-4AA7-8EAB-EAA2C44C0282}.Debug|iPhoneSimulator.ActiveCfg = Debug|Any CPU
		{67CA6E74-D41B-4AA7-8EAB-EAA2C44C0282}.Debug|iPhoneSimulator.Build.0 = Debug|Any CPU
		{67CA6E74-D41B-4AA7-8EAB-EAA2C44C0282}.Debug|iPhoneSimulator.Deploy.0 = Debug|Any CPU
		{67CA6E74-D41B-4AA7-8EAB-EAA2C44C0282}.Debug|x86.ActiveCfg = Debug|x86
		{67CA6E74-D41B-4AA7-8EAB-EAA2C44C0282}.Debug|x86.Build.0 = Debug|x86
		{67CA6E74-D41B-4AA7-8EAB-EAA2C44C0282}.Debug|x86.Deploy.0 = Debug|x86
		{67CA6E74-D41B-4AA7-8EAB-EAA2C44C0282}.Release|Any CPU.ActiveCfg = Release|Any CPU
		{67CA6E74-D41B-4AA7-8EAB-EAA2C44C0282}.Release|Any CPU.Build.0 = Release|Any CPU
		{67CA6E74-D41B-4AA7-8EAB-EAA2C44C0282}.Release|Any CPU.Deploy.0 = Release|Any CPU
		{67CA6E74-D41B-4AA7-8EAB-EAA2C44C0282}.Release|iPhone.ActiveCfg = Release|Any CPU
		{67CA6E74-D41B-4AA7-8EAB-EAA2C44C0282}.Release|iPhone.Build.0 = Release|Any CPU
		{67CA6E74-D41B-4AA7-8EAB-EAA2C44C0282}.Release|iPhone.Deploy.0 = Release|Any CPU
		{67CA6E74-D41B-4AA7-8EAB-EAA2C44C0282}.Release|iPhoneSimulator.ActiveCfg = Release|Any CPU
		{67CA6E74-D41B-4AA7-8EAB-EAA2C44C0282}.Release|iPhoneSimulator.Build.0 = Release|Any CPU
		{67CA6E74-D41B-4AA7-8EAB-EAA2C44C0282}.Release|iPhoneSimulator.Deploy.0 = Release|Any CPU
		{67CA6E74-D41B-4AA7-8EAB-EAA2C44C0282}.Release|x86.ActiveCfg = Release|Any CPU
		{67CA6E74-D41B-4AA7-8EAB-EAA2C44C0282}.Release|x86.Build.0 = Release|Any CPU
		{67CA6E74-D41B-4AA7-8EAB-EAA2C44C0282}.Release|x86.Deploy.0 = Release|Any CPU
		{BEC66CCA-35F4-40C4-9C2D-F77E3ACD7F64}.Ad-Hoc|Any CPU.ActiveCfg = Ad-Hoc|iPhone
		{BEC66CCA-35F4-40C4-9C2D-F77E3ACD7F64}.Ad-Hoc|iPhone.ActiveCfg = Ad-Hoc|iPhone
		{BEC66CCA-35F4-40C4-9C2D-F77E3ACD7F64}.Ad-Hoc|iPhone.Build.0 = Ad-Hoc|iPhone
		{BEC66CCA-35F4-40C4-9C2D-F77E3ACD7F64}.Ad-Hoc|iPhoneSimulator.ActiveCfg = Ad-Hoc|iPhoneSimulator
		{BEC66CCA-35F4-40C4-9C2D-F77E3ACD7F64}.Ad-Hoc|iPhoneSimulator.Build.0 = Ad-Hoc|iPhoneSimulator
		{BEC66CCA-35F4-40C4-9C2D-F77E3ACD7F64}.Ad-Hoc|x86.ActiveCfg = Ad-Hoc|iPhoneSimulator
		{BEC66CCA-35F4-40C4-9C2D-F77E3ACD7F64}.AppStore|Any CPU.ActiveCfg = AppStore|iPhone
		{BEC66CCA-35F4-40C4-9C2D-F77E3ACD7F64}.AppStore|iPhone.ActiveCfg = AppStore|iPhone
		{BEC66CCA-35F4-40C4-9C2D-F77E3ACD7F64}.AppStore|iPhone.Build.0 = AppStore|iPhone
		{BEC66CCA-35F4-40C4-9C2D-F77E3ACD7F64}.AppStore|iPhoneSimulator.ActiveCfg = AppStore|iPhoneSimulator
		{BEC66CCA-35F4-40C4-9C2D-F77E3ACD7F64}.AppStore|iPhoneSimulator.Build.0 = AppStore|iPhoneSimulator
		{BEC66CCA-35F4-40C4-9C2D-F77E3ACD7F64}.AppStore|x86.ActiveCfg = AppStore|iPhoneSimulator
		{BEC66CCA-35F4-40C4-9C2D-F77E3ACD7F64}.Debug|Any CPU.ActiveCfg = Debug|iPhone
		{BEC66CCA-35F4-40C4-9C2D-F77E3ACD7F64}.Debug|iPhone.ActiveCfg = Debug|iPhone
		{BEC66CCA-35F4-40C4-9C2D-F77E3ACD7F64}.Debug|iPhone.Build.0 = Debug|iPhone
		{BEC66CCA-35F4-40C4-9C2D-F77E3ACD7F64}.Debug|iPhoneSimulator.ActiveCfg = Debug|iPhoneSimulator
		{BEC66CCA-35F4-40C4-9C2D-F77E3ACD7F64}.Debug|iPhoneSimulator.Build.0 = Debug|iPhoneSimulator
		{BEC66CCA-35F4-40C4-9C2D-F77E3ACD7F64}.Debug|x86.ActiveCfg = Debug|iPhoneSimulator
		{BEC66CCA-35F4-40C4-9C2D-F77E3ACD7F64}.Release|Any CPU.ActiveCfg = Release|iPhone
		{BEC66CCA-35F4-40C4-9C2D-F77E3ACD7F64}.Release|iPhone.ActiveCfg = Release|iPhone
		{BEC66CCA-35F4-40C4-9C2D-F77E3ACD7F64}.Release|iPhone.Build.0 = Release|iPhone
		{BEC66CCA-35F4-40C4-9C2D-F77E3ACD7F64}.Release|iPhoneSimulator.ActiveCfg = Release|iPhoneSimulator
		{BEC66CCA-35F4-40C4-9C2D-F77E3ACD7F64}.Release|iPhoneSimulator.Build.0 = Release|iPhoneSimulator
		{BEC66CCA-35F4-40C4-9C2D-F77E3ACD7F64}.Release|x86.ActiveCfg = Debug|iPhoneSimulator
		{0D931DE1-C435-401C-9CE1-AB2C7D9111A4}.Ad-Hoc|Any CPU.ActiveCfg = Debug|Any CPU
		{0D931DE1-C435-401C-9CE1-AB2C7D9111A4}.Ad-Hoc|Any CPU.Build.0 = Debug|Any CPU
		{0D931DE1-C435-401C-9CE1-AB2C7D9111A4}.Ad-Hoc|iPhone.ActiveCfg = Debug|Any CPU
		{0D931DE1-C435-401C-9CE1-AB2C7D9111A4}.Ad-Hoc|iPhone.Build.0 = Debug|Any CPU
		{0D931DE1-C435-401C-9CE1-AB2C7D9111A4}.Ad-Hoc|iPhoneSimulator.ActiveCfg = Debug|Any CPU
		{0D931DE1-C435-401C-9CE1-AB2C7D9111A4}.Ad-Hoc|iPhoneSimulator.Build.0 = Debug|Any CPU
		{0D931DE1-C435-401C-9CE1-AB2C7D9111A4}.Ad-Hoc|x86.ActiveCfg = Release|Any CPU
		{0D931DE1-C435-401C-9CE1-AB2C7D9111A4}.Ad-Hoc|x86.Build.0 = Release|Any CPU
		{0D931DE1-C435-401C-9CE1-AB2C7D9111A4}.AppStore|Any CPU.ActiveCfg = Debug|Any CPU
		{0D931DE1-C435-401C-9CE1-AB2C7D9111A4}.AppStore|Any CPU.Build.0 = Debug|Any CPU
		{0D931DE1-C435-401C-9CE1-AB2C7D9111A4}.AppStore|iPhone.ActiveCfg = Debug|Any CPU
		{0D931DE1-C435-401C-9CE1-AB2C7D9111A4}.AppStore|iPhone.Build.0 = Debug|Any CPU
		{0D931DE1-C435-401C-9CE1-AB2C7D9111A4}.AppStore|iPhoneSimulator.ActiveCfg = Debug|Any CPU
		{0D931DE1-C435-401C-9CE1-AB2C7D9111A4}.AppStore|iPhoneSimulator.Build.0 = Debug|Any CPU
		{0D931DE1-C435-401C-9CE1-AB2C7D9111A4}.AppStore|x86.ActiveCfg = Release|Any CPU
		{0D931DE1-C435-401C-9CE1-AB2C7D9111A4}.AppStore|x86.Build.0 = Release|Any CPU
		{0D931DE1-C435-401C-9CE1-AB2C7D9111A4}.Debug|Any CPU.ActiveCfg = Debug|Any CPU
		{0D931DE1-C435-401C-9CE1-AB2C7D9111A4}.Debug|Any CPU.Build.0 = Debug|Any CPU
		{0D931DE1-C435-401C-9CE1-AB2C7D9111A4}.Debug|iPhone.ActiveCfg = Debug|Any CPU
		{0D931DE1-C435-401C-9CE1-AB2C7D9111A4}.Debug|iPhone.Build.0 = Debug|Any CPU
		{0D931DE1-C435-401C-9CE1-AB2C7D9111A4}.Debug|iPhoneSimulator.ActiveCfg = Debug|Any CPU
		{0D931DE1-C435-401C-9CE1-AB2C7D9111A4}.Debug|iPhoneSimulator.Build.0 = Debug|Any CPU
		{0D931DE1-C435-401C-9CE1-AB2C7D9111A4}.Debug|x86.ActiveCfg = Debug|Any CPU
		{0D931DE1-C435-401C-9CE1-AB2C7D9111A4}.Debug|x86.Build.0 = Debug|Any CPU
		{0D931DE1-C435-401C-9CE1-AB2C7D9111A4}.Release|Any CPU.ActiveCfg = Release|Any CPU
		{0D931DE1-C435-401C-9CE1-AB2C7D9111A4}.Release|Any CPU.Build.0 = Release|Any CPU
		{0D931DE1-C435-401C-9CE1-AB2C7D9111A4}.Release|iPhone.ActiveCfg = Release|Any CPU
		{0D931DE1-C435-401C-9CE1-AB2C7D9111A4}.Release|iPhone.Build.0 = Release|Any CPU
		{0D931DE1-C435-401C-9CE1-AB2C7D9111A4}.Release|iPhoneSimulator.ActiveCfg = Release|Any CPU
		{0D931DE1-C435-401C-9CE1-AB2C7D9111A4}.Release|iPhoneSimulator.Build.0 = Release|Any CPU
		{0D931DE1-C435-401C-9CE1-AB2C7D9111A4}.Release|x86.ActiveCfg = Release|Any CPU
		{0D931DE1-C435-401C-9CE1-AB2C7D9111A4}.Release|x86.Build.0 = Release|Any CPU
	EndGlobalSection
	GlobalSection(SolutionProperties) = preSolution
		HideSolutionNode = FALSE
	EndGlobalSection
	GlobalSection(ExtensibilityGlobals) = postSolution
		SolutionGuid = {06A71EE0-0F19-40C5-82C9-607551232254}
	EndGlobalSection
EndGlobal
